<?xml version="1.0" encoding="utf-8"?>
<Project ToolsVersion="4.0" xmlns="http://schemas.microsoft.com/developer/msbuild/2003">
  <ItemGroup>
    <Filter Include="List">
      <UniqueIdentifier>{c4f2d6fb-3135-41e8-a879-65c7ae49ffe4}</UniqueIdentifier>
    </Filter>
    <Filter Include="List\USM">
      <UniqueIdentifier>{332696ea-2de0-457b-af2a-803fb4222f18}</UniqueIdentifier>
    </Filter>
    <Filter Include="List\YonDoo">
      <UniqueIdentifier>{abcd0886-b75a-49d0-9243-aa73f8877b80}</UniqueIdentifier>
    </Filter>
    <Filter Include="List\Absent">
      <UniqueIdentifier>{c96a7082-333b-47ab-8814-7e4aac0ea457}</UniqueIdentifier>
    </Filter>
    <Filter Include="List\JYoon">
      <UniqueIdentifier>{e8d8cd7f-6c11-4190-963d-b6f3cc18b20c}</UniqueIdentifier>
    </Filter>
    <Filter Include="PreCompile">
      <UniqueIdentifier>{6ac535dd-8ebf-47ee-a925-8bf3a02e1f0a}</UniqueIdentifier>
    </Filter>
    <Filter Include="List\JW">
      <UniqueIdentifier>{001bae8b-84df-49a6-9413-309b4607e4df}</UniqueIdentifier>
    </Filter>
    <Filter Include="Queue">
      <UniqueIdentifier>{82c07c84-e72a-4a83-9394-9e38eca81748}</UniqueIdentifier>
    </Filter>
    <Filter Include="Queue\JW">
      <UniqueIdentifier>{171a0eda-cd1d-4e1c-ba3f-6328ef6dd5cd}</UniqueIdentifier>
    </Filter>
    <Filter Include="Queue\JY">
      <UniqueIdentifier>{240677d1-d180-412c-b6d2-a0af21588e1f}</UniqueIdentifier>
    </Filter>
    <Filter Include="Queue\SJ">
      <UniqueIdentifier>{1eccee70-460f-4bba-bede-cdde7eaa417b}</UniqueIdentifier>
    </Filter>
    <Filter Include="Queue\SM">
      <UniqueIdentifier>{9616ebc5-059a-42ed-a4fc-21bb69d2105d}</UniqueIdentifier>
    </Filter>
    <Filter Include="Queue\SW">
      <UniqueIdentifier>{3acb8e70-a28e-4382-bdc1-b605ab4d3652}</UniqueIdentifier>
    </Filter>
    <Filter Include="Queue\KY">
      <UniqueIdentifier>{abe71504-f8ed-4d50-89d9-97ef0a032a2a}</UniqueIdentifier>
    </Filter>
    <Filter Include="Queue\KT">
      <UniqueIdentifier>{3c9dbd23-7a46-44c9-8529-28d3edf6e6d7}</UniqueIdentifier>
    </Filter>
    <Filter Include="Queue\TH">
      <UniqueIdentifier>{c19e30ac-38b2-4e1e-8c44-bc7cc1a1f99e}</UniqueIdentifier>
    </Filter>
    <Filter Include="Queue\YD">
      <UniqueIdentifier>{90c42d7e-fd98-47b0-9a28-f47a15a6cba8}</UniqueIdentifier>
    </Filter>
    <Filter Include="List\SJ">
      <UniqueIdentifier>{04956704-9579-4d5e-912d-2385b5ebda79}</UniqueIdentifier>
    </Filter>
    <Filter Include="List\SW">
      <UniqueIdentifier>{6c652338-6af2-414d-a937-db462fcf50ad}</UniqueIdentifier>
    </Filter>
  </ItemGroup>
  <ItemGroup>
    <ClInclude Include="USMList.h">
      <Filter>List\USM</Filter>
    </ClInclude>
    <ClInclude Include="KSWList.h">
      <Filter>List\SW</Filter>
    </ClInclude>
    <ClInclude Include="PreCompile.h">
      <Filter>PreCompile</Filter>
    </ClInclude>
    <ClInclude Include="JWList.h">
      <Filter>List\JW</Filter>
    </ClInclude>
    <ClInclude Include="YndooList.h">
      <Filter>List\YonDoo</Filter>
    </ClInclude>
    <ClInclude Include="SMQueue.h">
      <Filter>Queue\SM</Filter>
    </ClInclude>
    <ClInclude Include="LSJList.h">
      <Filter>List\SJ</Filter>
    </ClInclude>
    <ClInclude Include="SWQueue.h">
      <Filter>Queue\SW</Filter>
    </ClInclude>
    <ClInclude Include="SJQueue.h">
      <Filter>Queue\SJ</Filter>
    </ClInclude>
    <ClInclude Include="KYQueue.h">
      <Filter>Queue\KY</Filter>
    </ClInclude>
    <ClInclude Include="YDQueue.h">
      <Filter>Queue\YD</Filter>
    </ClInclude>
    <ClInclude Include="JWQueue.h">
      <Filter>Queue\JW</Filter>
    </ClInclude>
    <ClInclude Include="THQueue.h">
      <Filter>Queue\TH</Filter>
    </ClInclude>
    <ClInclude Include="JYQueue.h">
      <Filter>Queue\JY</Filter>
    </ClInclude>
    <ClInclude Include="KTQueue.h">
      <Filter>Queue\KT</Filter>
    </ClInclude>
  </ItemGroup>
  <ItemGroup>
    <ClCompile Include="USMList.cpp">
      <Filter>List\USM</Filter>
    </ClCompile>
    <ClCompile Include="PreCompile.cpp">
      <Filter>PreCompile</Filter>
    </ClCompile>
  </ItemGroup>
</Project>