<?xml version="1.0" encoding="utf-8"?>
<Project ToolsVersion="4.0" xmlns="http://schemas.microsoft.com/developer/msbuild/2003">
  <ItemGroup>
    <Filter Include="List">
      <UniqueIdentifier>{c4f2d6fb-3135-41e8-a879-65c7ae49ffe4}</UniqueIdentifier>
    </Filter>
    <Filter Include="List\USM">
      <UniqueIdentifier>{332696ea-2de0-457b-af2a-803fb4222f18}</UniqueIdentifier>
    </Filter>
    <Filter Include="List\YonDoo">
      <UniqueIdentifier>{abcd0886-b75a-49d0-9243-aa73f8877b80}</UniqueIdentifier>
    </Filter>
    <Filter Include="List\Absent">
      <UniqueIdentifier>{c96a7082-333b-47ab-8814-7e4aac0ea457}</UniqueIdentifier>
    </Filter>
    <Filter Include="List\SuWon">
      <UniqueIdentifier>{6c652338-6af2-414d-a937-db462fcf50ad}</UniqueIdentifier>
    </Filter>
    <Filter Include="List\JYoon">
      <UniqueIdentifier>{e8d8cd7f-6c11-4190-963d-b6f3cc18b20c}</UniqueIdentifier>
    </Filter>
    <Filter Include="PreCompile">
      <UniqueIdentifier>{6ac535dd-8ebf-47ee-a925-8bf3a02e1f0a}</UniqueIdentifier>
    </Filter>
    <Filter Include="List\JW">
      <UniqueIdentifier>{001bae8b-84df-49a6-9413-309b4607e4df}</UniqueIdentifier>
    </Filter>
  </ItemGroup>
  <ItemGroup>
    <ClInclude Include="USMList.h">
      <Filter>List\USM</Filter>
    </ClInclude>
    <ClInclude Include="KSWList.h">
      <Filter>List\SuWon</Filter>
    </ClInclude>
    <ClInclude Include="PreCompile.h">
      <Filter>PreCompile</Filter>
    </ClInclude>
    <ClInclude Include="JWList.h">
      <Filter>List\JW</Filter>
    </ClInclude>
    <ClInclude Include="YndooList.h">
      <Filter>List\YonDoo</Filter>
    </ClInclude>
  </ItemGroup>
  <ItemGroup>
    <ClCompile Include="USMList.cpp">
      <Filter>List\USM</Filter>
    </ClCompile>
    <ClCompile Include="KSWList.cpp">
      <Filter>List\SuWon</Filter>
    </ClCompile>
    <ClCompile Include="PreCompile.cpp">
      <Filter>PreCompile</Filter>
    </ClCompile>
    <ClCompile Include="JWList.cpp">
      <Filter>List\JW</Filter>
    </ClCompile>
    <ClCompile Include="YndooList.cpp">
      <Filter>List\YonDoo</Filter>
    </ClCompile>
    <ClCompile Include="YndooMain.cpp">
      <Filter>List\YonDoo</Filter>
    </ClCompile>
  </ItemGroup>
</Project>